// !$*UTF8*$!
{
	archiveVersion = 1;
	classes = {
	};
	objectVersion = 56;
	objects = {

/* Begin PBXBuildFile section */
		B9A0DAFF2BF33F6500FE3D5C /* test.cpp in Sources */ = {isa = PBXBuildFile; fileRef = B9A0DAF72BF33F6500FE3D5C /* test.cpp */; };
		B9A0DB002BF33F6500FE3D5C /* main.cpp in Sources */ = {isa = PBXBuildFile; fileRef = B9A0DAFA2BF33F6500FE3D5C /* main.cpp */; };
		B9A0DB012BF33F6500FE3D5C /* CSVReader.cpp in Sources */ = {isa = PBXBuildFile; fileRef = B9A0DAFB2BF33F6500FE3D5C /* CSVReader.cpp */; };
		B9A0DB022BF33F6500FE3D5C /* OrderBookEntry.cpp in Sources */ = {isa = PBXBuildFile; fileRef = B9A0DAFC2BF33F6500FE3D5C /* OrderBookEntry.cpp */; };
		B9A0DB032BF33F6500FE3D5C /* MerkelMain.cpp in Sources */ = {isa = PBXBuildFile; fileRef = B9A0DAFD2BF33F6500FE3D5C /* MerkelMain.cpp */; };
/* End PBXBuildFile section */

/* Begin PBXCopyFilesBuildPhase section */
		B9A0DAE92BF33F2C00FE3D5C /* CopyFiles */ = {
			isa = PBXCopyFilesBuildPhase;
			buildActionMask = 2147483647;
			dstPath = /usr/share/man/man1/;
			dstSubfolderSpec = 0;
			files = (
			);
			runOnlyForDeploymentPostprocessing = 1;
		};
/* End PBXCopyFilesBuildPhase section */

/* Begin PBXFileReference section */
		B9A0DAEB2BF33F2C00FE3D5C /* C++Week6-2Integrate */ = {isa = PBXFileReference; explicitFileType = "compiled.mach-o.executable"; includeInIndex = 0; path = "C++Week6-2Integrate"; sourceTree = BUILT_PRODUCTS_DIR; };
		B9A0DAF52BF33F6500FE3D5C /* 20200317.csv */ = {isa = PBXFileReference; fileEncoding = 4; lastKnownFileType = text; path = 20200317.csv; sourceTree = "<group>"; };
		B9A0DAF62BF33F6500FE3D5C /* CSVReader.h */ = {isa = PBXFileReference; fileEncoding = 4; lastKnownFileType = sourcecode.c.h; path = CSVReader.h; sourceTree = "<group>"; };
		B9A0DAF72BF33F6500FE3D5C /* test.cpp */ = {isa = PBXFileReference; fileEncoding = 4; lastKnownFileType = sourcecode.cpp.cpp; path = test.cpp; sourceTree = "<group>"; };
		B9A0DAF82BF33F6500FE3D5C /* MerkelMain.h */ = {isa = PBXFileReference; fileEncoding = 4; lastKnownFileType = sourcecode.c.h; path = MerkelMain.h; sourceTree = "<group>"; };
		B9A0DAF92BF33F6500FE3D5C /* OrderBookEntry.h */ = {isa = PBXFileReference; fileEncoding = 4; lastKnownFileType = sourcecode.c.h; path = OrderBookEntry.h; sourceTree = "<group>"; };
		B9A0DAFA2BF33F6500FE3D5C /* main.cpp */ = {isa = PBXFileReference; fileEncoding = 4; lastKnownFileType = sourcecode.cpp.cpp; path = main.cpp; sourceTree = "<group>"; };
		B9A0DAFB2BF33F6500FE3D5C /* CSVReader.cpp */ = {isa = PBXFileReference; fileEncoding = 4; lastKnownFileType = sourcecode.cpp.cpp; path = CSVReader.cpp; sourceTree = "<group>"; };
		B9A0DAFC2BF33F6500FE3D5C /* OrderBookEntry.cpp */ = {isa = PBXFileReference; fileEncoding = 4; lastKnownFileType = sourcecode.cpp.cpp; path = OrderBookEntry.cpp; sourceTree = "<group>"; };
		B9A0DAFD2BF33F6500FE3D5C /* MerkelMain.cpp */ = {isa = PBXFileReference; fileEncoding = 4; lastKnownFileType = sourcecode.cpp.cpp; path = MerkelMain.cpp; sourceTree = "<group>"; };
		B9A0DAFE2BF33F6500FE3D5C /* merklerex */ = {isa = PBXFileReference; lastKnownFileType = "compiled.mach-o.executable"; path = merklerex; sourceTree = "<group>"; };
/* End PBXFileReference section */

/* Begin PBXFrameworksBuildPhase section */
		B9A0DAE82BF33F2C00FE3D5C /* Frameworks */ = {
			isa = PBXFrameworksBuildPhase;
			buildActionMask = 2147483647;
			files = (
			);
			runOnlyForDeploymentPostprocessing = 0;
		};
/* End PBXFrameworksBuildPhase section */

/* Begin PBXGroup section */
		B9A0DAE22BF33F2C00FE3D5C = {
			isa = PBXGroup;
			children = (
				B9A0DAED2BF33F2C00FE3D5C /* C++Week6-2Integrate */,
				B9A0DAEC2BF33F2C00FE3D5C /* Products */,
			);
			sourceTree = "<group>";
		};
		B9A0DAEC2BF33F2C00FE3D5C /* Products */ = {
			isa = PBXGroup;
			children = (
				B9A0DAEB2BF33F2C00FE3D5C /* C++Week6-2Integrate */,
			);
			name = Products;
			sourceTree = "<group>";
		};
		B9A0DAED2BF33F2C00FE3D5C /* C++Week6-2Integrate */ = {
			isa = PBXGroup;
			children = (
				B9A0DAF52BF33F6500FE3D5C /* 20200317.csv */,
				B9A0DAFB2BF33F6500FE3D5C /* CSVReader.cpp */,
				B9A0DAF62BF33F6500FE3D5C /* CSVReader.h */,
				B9A0DAFA2BF33F6500FE3D5C /* main.cpp */,
				B9A0DAFD2BF33F6500FE3D5C /* MerkelMain.cpp */,
				B9A0DAF82BF33F6500FE3D5C /* MerkelMain.h */,
				B9A0DAFE2BF33F6500FE3D5C /* merklerex */,
				B9A0DAFC2BF33F6500FE3D5C /* OrderBookEntry.cpp */,
				B9A0DAF92BF33F6500FE3D5C /* OrderBookEntry.h */,
				B9A0DAF72BF33F6500FE3D5C /* test.cpp */,
			);
			path = "C++Week6-2Integrate";
			sourceTree = "<group>";
		};
/* End PBXGroup section */

/* Begin PBXNativeTarget section */
		B9A0DAEA2BF33F2C00FE3D5C /* C++Week6-2Integrate */ = {
			isa = PBXNativeTarget;
			buildConfigurationList = B9A0DAF22BF33F2C00FE3D5C /* Build configuration list for PBXNativeTarget "C++Week6-2Integrate" */;
			buildPhases = (
				B9A0DAE72BF33F2C00FE3D5C /* Sources */,
				B9A0DAE82BF33F2C00FE3D5C /* Frameworks */,
				B9A0DAE92BF33F2C00FE3D5C /* CopyFiles */,
			);
			buildRules = (
			);
			dependencies = (
			);
			name = "C++Week6-2Integrate";
			productName = "C++Week6-2Integrate";
			productReference = B9A0DAEB2BF33F2C00FE3D5C /* C++Week6-2Integrate */;
			productType = "com.apple.product-type.tool";
		};
/* End PBXNativeTarget section */

/* Begin PBXProject section */
		B9A0DAE32BF33F2C00FE3D5C /* Project object */ = {
			isa = PBXProject;
			attributes = {
				BuildIndependentTargetsInParallel = 1;
				LastUpgradeCheck = 1530;
				TargetAttributes = {
					B9A0DAEA2BF33F2C00FE3D5C = {
						CreatedOnToolsVersion = 15.3;
					};
				};
			};
			buildConfigurationList = B9A0DAE62BF33F2C00FE3D5C /* Build configuration list for PBXProject "C++Week6-2Integrate" */;
			compatibilityVersion = "Xcode 14.0";
			developmentRegion = en;
			hasScannedForEncodings = 0;
			knownRegions = (
				en,
				Base,
			);
			mainGroup = B9A0DAE22BF33F2C00FE3D5C;
			productRefGroup = B9A0DAEC2BF33F2C00FE3D5C /* Products */;
			projectDirPath = "";
			projectRoot = "";
			targets = (
				B9A0DAEA2BF33F2C00FE3D5C /* C++Week6-2Integrate */,
			);
		};
/* End PBXProject section */

/* Begin PBXSourcesBuildPhase section */
		B9A0DAE72BF33F2C00FE3D5C /* Sources */ = {
			isa = PBXSourcesBuildPhase;
			buildActionMask = 2147483647;
			files = (
				B9A0DB022BF33F6500FE3D5C /* OrderBookEntry.cpp in Sources */,
				B9A0DB012BF33F6500FE3D5C /* CSVReader.cpp in Sources */,
				B9A0DB002BF33F6500FE3D5C /* main.cpp in Sources */,
				B9A0DAFF2BF33F6500FE3D5C /* test.cpp in Sources */,
				B9A0DB032BF33F6500FE3D5C /* MerkelMain.cpp in Sources */,
			);
			runOnlyForDeploymentPostprocessing = 0;
		};
/* End PBXSourcesBuildPhase section */

/* Begin XCBuildConfiguration section */
		B9A0DAF02BF33F2C00FE3D5C /* Debug */ = {
			isa = XCBuildConfiguration;
			buildSettings = {
				ALWAYS_SEARCH_USER_PATHS = NO;
				ASSETCATALOG_COMPILER_GENERATE_SWIFT_ASSET_SYMBOL_EXTENSIONS = YES;
				CLANG_ANALYZER_NONNULL = YES;
				CLANG_ANALYZER_NUMBER_OBJECT_CONVERSION = YES_AGGRESSIVE;
				CLANG_CXX_LANGUAGE_STANDARD = "gnu++20";
				CLANG_ENABLE_MODULES = YES;
				CLANG_ENABLE_OBJC_ARC = YES;
				CLANG_ENABLE_OBJC_WEAK = YES;
				CLANG_WARN_BLOCK_CAPTURE_AUTORELEASING = YES;
				CLANG_WARN_BOOL_CONVERSION = YES;
				CLANG_WARN_COMMA = YES;
				CLANG_WARN_CONSTANT_CONVERSION = YES;
				CLANG_WARN_DEPRECATED_OBJC_IMPLEMENTATIONS = YES;
				CLANG_WARN_DIRECT_OBJC_ISA_USAGE = YES_ERROR;
				CLANG_WARN_DOCUMENTATION_COMMENTS = YES;
				CLANG_WARN_EMPTY_BODY = YES;
				CLANG_WARN_ENUM_CONVERSION = YES;
				CLANG_WARN_INFINITE_RECURSION = YES;
				CLANG_WARN_INT_CONVERSION = YES;
				CLANG_WARN_NON_LITERAL_NULL_CONVERSION = YES;
				CLANG_WARN_OBJC_IMPLICIT_RETAIN_SELF = YES;
				CLANG_WARN_OBJC_LITERAL_CONVERSION = YES;
				CLANG_WARN_OBJC_ROOT_CLASS = YES_ERROR;
				CLANG_WARN_QUOTED_INCLUDE_IN_FRAMEWORK_HEADER = YES;
				CLANG_WARN_RANGE_LOOP_ANALYSIS = YES;
				CLANG_WARN_STRICT_PROTOTYPES = YES;
				CLANG_WARN_SUSPICIOUS_MOVE = YES;
				CLANG_WARN_UNGUARDED_AVAILABILITY = YES_AGGRESSIVE;
				CLANG_WARN_UNREACHABLE_CODE = YES;
				CLANG_WARN__DUPLICATE_METHOD_MATCH = YES;
				COPY_PHASE_STRIP = NO;
				DEBUG_INFORMATION_FORMAT = dwarf;
				ENABLE_STRICT_OBJC_MSGSEND = YES;
				ENABLE_TESTABILITY = YES;
				ENABLE_USER_SCRIPT_SANDBOXING = YES;
				GCC_C_LANGUAGE_STANDARD = gnu17;
				GCC_DYNAMIC_NO_PIC = NO;
				GCC_NO_COMMON_BLOCKS = YES;
				GCC_OPTIMIZATION_LEVEL = 0;
				GCC_PREPROCESSOR_DEFINITIONS = (
					"DEBUG=1",
					"$(inherited)",
				);
				GCC_WARN_64_TO_32_BIT_CONVERSION = YES;
				GCC_WARN_ABOUT_RETURN_TYPE = YES_ERROR;
				GCC_WARN_UNDECLARED_SELECTOR = YES;
				GCC_WARN_UNINITIALIZED_AUTOS = YES_AGGRESSIVE;
				GCC_WARN_UNUSED_FUNCTION = YES;
				GCC_WARN_UNUSED_VARIABLE = YES;
				LOCALIZATION_PREFERS_STRING_CATALOGS = YES;
				MACOSX_DEPLOYMENT_TARGET = 14.3;
				MTL_ENABLE_DEBUG_INFO = INCLUDE_SOURCE;
				MTL_FAST_MATH = YES;
				ONLY_ACTIVE_ARCH = YES;
				SDKROOT = macosx;
			};
			name = Debug;
		};
		B9A0DAF12BF33F2C00FE3D5C /* Release */ = {
			isa = XCBuildConfiguration;
			buildSettings = {
				ALWAYS_SEARCH_USER_PATHS = NO;
				ASSETCATALOG_COMPILER_GENERATE_SWIFT_ASSET_SYMBOL_EXTENSIONS = YES;
				CLANG_ANALYZER_NONNULL = YES;
				CLANG_ANALYZER_NUMBER_OBJECT_CONVERSION = YES_AGGRESSIVE;
				CLANG_CXX_LANGUAGE_STANDARD = "gnu++20";
				CLANG_ENABLE_MODULES = YES;
				CLANG_ENABLE_OBJC_ARC = YES;
				CLANG_ENABLE_OBJC_WEAK = YES;
				CLANG_WARN_BLOCK_CAPTURE_AUTORELEASING = YES;
				CLANG_WARN_BOOL_CONVERSION = YES;
				CLANG_WARN_COMMA = YES;
				CLANG_WARN_CONSTANT_CONVERSION = YES;
				CLANG_WARN_DEPRECATED_OBJC_IMPLEMENTATIONS = YES;
				CLANG_WARN_DIRECT_OBJC_ISA_USAGE = YES_ERROR;
				CLANG_WARN_DOCUMENTATION_COMMENTS = YES;
				CLANG_WARN_EMPTY_BODY = YES;
				CLANG_WARN_ENUM_CONVERSION = YES;
				CLANG_WARN_INFINITE_RECURSION = YES;
				CLANG_WARN_INT_CONVERSION = YES;
				CLANG_WARN_NON_LITERAL_NULL_CONVERSION = YES;
				CLANG_WARN_OBJC_IMPLICIT_RETAIN_SELF = YES;
				CLANG_WARN_OBJC_LITERAL_CONVERSION = YES;
				CLANG_WARN_OBJC_ROOT_CLASS = YES_ERROR;
				CLANG_WARN_QUOTED_INCLUDE_IN_FRAMEWORK_HEADER = YES;
				CLANG_WARN_RANGE_LOOP_ANALYSIS = YES;
				CLANG_WARN_STRICT_PROTOTYPES = YES;
				CLANG_WARN_SUSPICIOUS_MOVE = YES;
				CLANG_WARN_UNGUARDED_AVAILABILITY = YES_AGGRESSIVE;
				CLANG_WARN_UNREACHABLE_CODE = YES;
				CLANG_WARN__DUPLICATE_METHOD_MATCH = YES;
				COPY_PHASE_STRIP = NO;
				DEBUG_INFORMATION_FORMAT = "dwarf-with-dsym";
				ENABLE_NS_ASSERTIONS = NO;
				ENABLE_STRICT_OBJC_MSGSEND = YES;
				ENABLE_USER_SCRIPT_SANDBOXING = YES;
				GCC_C_LANGUAGE_STANDARD = gnu17;
				GCC_NO_COMMON_BLOCKS = YES;
				GCC_WARN_64_TO_32_BIT_CONVERSION = YES;
				GCC_WARN_ABOUT_RETURN_TYPE = YES_ERROR;
				GCC_WARN_UNDECLARED_SELECTOR = YES;
				GCC_WARN_UNINITIALIZED_AUTOS = YES_AGGRESSIVE;
				GCC_WARN_UNUSED_FUNCTION = YES;
				GCC_WARN_UNUSED_VARIABLE = YES;
				LOCALIZATION_PREFERS_STRING_CATALOGS = YES;
				MACOSX_DEPLOYMENT_TARGET = 14.3;
				MTL_ENABLE_DEBUG_INFO = NO;
				MTL_FAST_MATH = YES;
				SDKROOT = macosx;
			};
			name = Release;
		};
		B9A0DAF32BF33F2C00FE3D5C /* Debug */ = {
			isa = XCBuildConfiguration;
			buildSettings = {
				CODE_SIGN_STYLE = Automatic;
				DEVELOPMENT_TEAM = M2T7S88634;
				ENABLE_HARDENED_RUNTIME = YES;
				PRODUCT_NAME = "$(TARGET_NAME)";
			};
			name = Debug;
		};
		B9A0DAF42BF33F2C00FE3D5C /* Release */ = {
			isa = XCBuildConfiguration;
			buildSettings = {
				CODE_SIGN_STYLE = Automatic;
				DEVELOPMENT_TEAM = M2T7S88634;
				ENABLE_HARDENED_RUNTIME = YES;
				PRODUCT_NAME = "$(TARGET_NAME)";
			};
			name = Release;
		};
/* End XCBuildConfiguration section */

/* Begin XCConfigurationList section */
		B9A0DAE62BF33F2C00FE3D5C /* Build configuration list for PBXProject "C++Week6-2Integrate" */ = {
			isa = XCConfigurationList;
			buildConfigurations = (
				B9A0DAF02BF33F2C00FE3D5C /* Debug */,
				B9A0DAF12BF33F2C00FE3D5C /* Release */,
			);
			defaultConfigurationIsVisible = 0;
			defaultConfigurationName = Release;
		};
		B9A0DAF22BF33F2C00FE3D5C /* Build configuration list for PBXNativeTarget "C++Week6-2Integrate" */ = {
			isa = XCConfigurationList;
			buildConfigurations = (
				B9A0DAF32BF33F2C00FE3D5C /* Debug */,
				B9A0DAF42BF33F2C00FE3D5C /* Release */,
			);
			defaultConfigurationIsVisible = 0;
			defaultConfigurationName = Release;
		};
/* End XCConfigurationList section */
	};
	rootObject = B9A0DAE32BF33F2C00FE3D5C /* Project object */;
}
