// !$*UTF8*$!
{
	archiveVersion = 1;
	classes = {
	};
	objectVersion = 56;
	objects = {

/* Begin PBXBuildFile section */
		B99317322BFB79F200F5E973 /* main.cpp in Sources */ = {isa = PBXBuildFile; fileRef = B99317292BFB79F100F5E973 /* main.cpp */; };
		B99317332BFB79F200F5E973 /* MerkelMain.cpp in Sources */ = {isa = PBXBuildFile; fileRef = B993172C2BFB79F100F5E973 /* MerkelMain.cpp */; };
		B99317342BFB79F200F5E973 /* OrderBookEntry.cpp in Sources */ = {isa = PBXBuildFile; fileRef = B993172E2BFB79F100F5E973 /* OrderBookEntry.cpp */; };
		B99317352BFB79F200F5E973 /* OrderBook.cpp in Sources */ = {isa = PBXBuildFile; fileRef = B99317302BFB79F200F5E973 /* OrderBook.cpp */; };
		B99317362BFB79F200F5E973 /* CSVReader.cpp in Sources */ = {isa = PBXBuildFile; fileRef = B99317312BFB79F200F5E973 /* CSVReader.cpp */; };
/* End PBXBuildFile section */

/* Begin PBXCopyFilesBuildPhase section */
		B993171C2BFB79AB00F5E973 /* CopyFiles */ = {
			isa = PBXCopyFilesBuildPhase;
			buildActionMask = 2147483647;
			dstPath = /usr/share/man/man1/;
			dstSubfolderSpec = 0;
			files = (
			);
			runOnlyForDeploymentPostprocessing = 1;
		};
/* End PBXCopyFilesBuildPhase section */

/* Begin PBXFileReference section */
		B993171E2BFB79AB00F5E973 /* C++Week7PeerReview */ = {isa = PBXFileReference; explicitFileType = "compiled.mach-o.executable"; includeInIndex = 0; path = "C++Week7PeerReview"; sourceTree = BUILT_PRODUCTS_DIR; };
		B99317282BFB79F100F5E973 /* 20200317.csv */ = {isa = PBXFileReference; fileEncoding = 4; lastKnownFileType = text; path = 20200317.csv; sourceTree = "<group>"; };
		B99317292BFB79F100F5E973 /* main.cpp */ = {isa = PBXFileReference; fileEncoding = 4; lastKnownFileType = sourcecode.cpp.cpp; path = main.cpp; sourceTree = "<group>"; };
		B993172A2BFB79F100F5E973 /* OrderBook.h */ = {isa = PBXFileReference; fileEncoding = 4; lastKnownFileType = sourcecode.c.h; path = OrderBook.h; sourceTree = "<group>"; };
		B993172B2BFB79F100F5E973 /* OrderBookEntry.h */ = {isa = PBXFileReference; fileEncoding = 4; lastKnownFileType = sourcecode.c.h; path = OrderBookEntry.h; sourceTree = "<group>"; };
		B993172C2BFB79F100F5E973 /* MerkelMain.cpp */ = {isa = PBXFileReference; fileEncoding = 4; lastKnownFileType = sourcecode.cpp.cpp; path = MerkelMain.cpp; sourceTree = "<group>"; };
		B993172D2BFB79F100F5E973 /* MerkelMain.h */ = {isa = PBXFileReference; fileEncoding = 4; lastKnownFileType = sourcecode.c.h; path = MerkelMain.h; sourceTree = "<group>"; };
		B993172E2BFB79F100F5E973 /* OrderBookEntry.cpp */ = {isa = PBXFileReference; fileEncoding = 4; lastKnownFileType = sourcecode.cpp.cpp; path = OrderBookEntry.cpp; sourceTree = "<group>"; };
		B993172F2BFB79F200F5E973 /* CSVReader.h */ = {isa = PBXFileReference; fileEncoding = 4; lastKnownFileType = sourcecode.c.h; path = CSVReader.h; sourceTree = "<group>"; };
		B99317302BFB79F200F5E973 /* OrderBook.cpp */ = {isa = PBXFileReference; fileEncoding = 4; lastKnownFileType = sourcecode.cpp.cpp; path = OrderBook.cpp; sourceTree = "<group>"; };
		B99317312BFB79F200F5E973 /* CSVReader.cpp */ = {isa = PBXFileReference; fileEncoding = 4; lastKnownFileType = sourcecode.cpp.cpp; path = CSVReader.cpp; sourceTree = "<group>"; };
		B99317372BFB7A7A00F5E973 /* NIFTY.csv */ = {isa = PBXFileReference; fileEncoding = 4; lastKnownFileType = text; path = NIFTY.csv; sourceTree = "<group>"; };
/* End PBXFileReference section */

/* Begin PBXFrameworksBuildPhase section */
		B993171B2BFB79AB00F5E973 /* Frameworks */ = {
			isa = PBXFrameworksBuildPhase;
			buildActionMask = 2147483647;
			files = (
			);
			runOnlyForDeploymentPostprocessing = 0;
		};
/* End PBXFrameworksBuildPhase section */

/* Begin PBXGroup section */
		B99317152BFB79AB00F5E973 = {
			isa = PBXGroup;
			children = (
				B99317202BFB79AB00F5E973 /* C++Week7PeerReview */,
				B993171F2BFB79AB00F5E973 /* Products */,
			);
			sourceTree = "<group>";
		};
		B993171F2BFB79AB00F5E973 /* Products */ = {
			isa = PBXGroup;
			children = (
				B993171E2BFB79AB00F5E973 /* C++Week7PeerReview */,
			);
			name = Products;
			sourceTree = "<group>";
		};
		B99317202BFB79AB00F5E973 /* C++Week7PeerReview */ = {
			isa = PBXGroup;
			children = (
				B99317282BFB79F100F5E973 /* 20200317.csv */,
				B99317312BFB79F200F5E973 /* CSVReader.cpp */,
				B993172F2BFB79F200F5E973 /* CSVReader.h */,
				B99317292BFB79F100F5E973 /* main.cpp */,
				B993172C2BFB79F100F5E973 /* MerkelMain.cpp */,
				B993172D2BFB79F100F5E973 /* MerkelMain.h */,
				B99317302BFB79F200F5E973 /* OrderBook.cpp */,
				B993172A2BFB79F100F5E973 /* OrderBook.h */,
				B993172E2BFB79F100F5E973 /* OrderBookEntry.cpp */,
				B993172B2BFB79F100F5E973 /* OrderBookEntry.h */,
				B99317372BFB7A7A00F5E973 /* NIFTY.csv */,
			);
			path = "C++Week7PeerReview";
			sourceTree = "<group>";
		};
/* End PBXGroup section */

/* Begin PBXNativeTarget section */
		B993171D2BFB79AB00F5E973 /* C++Week7PeerReview */ = {
			isa = PBXNativeTarget;
			buildConfigurationList = B99317252BFB79AB00F5E973 /* Build configuration list for PBXNativeTarget "C++Week7PeerReview" */;
			buildPhases = (
				B993171A2BFB79AB00F5E973 /* Sources */,
				B993171B2BFB79AB00F5E973 /* Frameworks */,
				B993171C2BFB79AB00F5E973 /* CopyFiles */,
			);
			buildRules = (
			);
			dependencies = (
			);
			name = "C++Week7PeerReview";
			productName = "C++Week7PeerReview";
			productReference = B993171E2BFB79AB00F5E973 /* C++Week7PeerReview */;
			productType = "com.apple.product-type.tool";
		};
/* End PBXNativeTarget section */

/* Begin PBXProject section */
		B99317162BFB79AB00F5E973 /* Project object */ = {
			isa = PBXProject;
			attributes = {
				BuildIndependentTargetsInParallel = 1;
				LastUpgradeCheck = 1530;
				TargetAttributes = {
					B993171D2BFB79AB00F5E973 = {
						CreatedOnToolsVersion = 15.3;
					};
				};
			};
			buildConfigurationList = B99317192BFB79AB00F5E973 /* Build configuration list for PBXProject "C++Week7PeerReview" */;
			compatibilityVersion = "Xcode 14.0";
			developmentRegion = en;
			hasScannedForEncodings = 0;
			knownRegions = (
				en,
				Base,
			);
			mainGroup = B99317152BFB79AB00F5E973;
			productRefGroup = B993171F2BFB79AB00F5E973 /* Products */;
			projectDirPath = "";
			projectRoot = "";
			targets = (
				B993171D2BFB79AB00F5E973 /* C++Week7PeerReview */,
			);
		};
/* End PBXProject section */

/* Begin PBXSourcesBuildPhase section */
		B993171A2BFB79AB00F5E973 /* Sources */ = {
			isa = PBXSourcesBuildPhase;
			buildActionMask = 2147483647;
			files = (
				B99317362BFB79F200F5E973 /* CSVReader.cpp in Sources */,
				B99317342BFB79F200F5E973 /* OrderBookEntry.cpp in Sources */,
				B99317352BFB79F200F5E973 /* OrderBook.cpp in Sources */,
				B99317332BFB79F200F5E973 /* MerkelMain.cpp in Sources */,
				B99317322BFB79F200F5E973 /* main.cpp in Sources */,
			);
			runOnlyForDeploymentPostprocessing = 0;
		};
/* End PBXSourcesBuildPhase section */

/* Begin XCBuildConfiguration section */
		B99317232BFB79AB00F5E973 /* Debug */ = {
			isa = XCBuildConfiguration;
			buildSettings = {
				ALWAYS_SEARCH_USER_PATHS = NO;
				ASSETCATALOG_COMPILER_GENERATE_SWIFT_ASSET_SYMBOL_EXTENSIONS = YES;
				CLANG_ANALYZER_NONNULL = YES;
				CLANG_ANALYZER_NUMBER_OBJECT_CONVERSION = YES_AGGRESSIVE;
				CLANG_CXX_LANGUAGE_STANDARD = "gnu++20";
				CLANG_ENABLE_MODULES = YES;
				CLANG_ENABLE_OBJC_ARC = YES;
				CLANG_ENABLE_OBJC_WEAK = YES;
				CLANG_WARN_BLOCK_CAPTURE_AUTORELEASING = YES;
				CLANG_WARN_BOOL_CONVERSION = YES;
				CLANG_WARN_COMMA = YES;
				CLANG_WARN_CONSTANT_CONVERSION = YES;
				CLANG_WARN_DEPRECATED_OBJC_IMPLEMENTATIONS = YES;
				CLANG_WARN_DIRECT_OBJC_ISA_USAGE = YES_ERROR;
				CLANG_WARN_DOCUMENTATION_COMMENTS = YES;
				CLANG_WARN_EMPTY_BODY = YES;
				CLANG_WARN_ENUM_CONVERSION = YES;
				CLANG_WARN_INFINITE_RECURSION = YES;
				CLANG_WARN_INT_CONVERSION = YES;
				CLANG_WARN_NON_LITERAL_NULL_CONVERSION = YES;
				CLANG_WARN_OBJC_IMPLICIT_RETAIN_SELF = YES;
				CLANG_WARN_OBJC_LITERAL_CONVERSION = YES;
				CLANG_WARN_OBJC_ROOT_CLASS = YES_ERROR;
				CLANG_WARN_QUOTED_INCLUDE_IN_FRAMEWORK_HEADER = YES;
				CLANG_WARN_RANGE_LOOP_ANALYSIS = YES;
				CLANG_WARN_STRICT_PROTOTYPES = YES;
				CLANG_WARN_SUSPICIOUS_MOVE = YES;
				CLANG_WARN_UNGUARDED_AVAILABILITY = YES_AGGRESSIVE;
				CLANG_WARN_UNREACHABLE_CODE = YES;
				CLANG_WARN__DUPLICATE_METHOD_MATCH = YES;
				COPY_PHASE_STRIP = NO;
				DEBUG_INFORMATION_FORMAT = dwarf;
				ENABLE_STRICT_OBJC_MSGSEND = YES;
				ENABLE_TESTABILITY = YES;
				ENABLE_USER_SCRIPT_SANDBOXING = YES;
				GCC_C_LANGUAGE_STANDARD = gnu17;
				GCC_DYNAMIC_NO_PIC = NO;
				GCC_NO_COMMON_BLOCKS = YES;
				GCC_OPTIMIZATION_LEVEL = 0;
				GCC_PREPROCESSOR_DEFINITIONS = (
					"DEBUG=1",
					"$(inherited)",
				);
				GCC_WARN_64_TO_32_BIT_CONVERSION = YES;
				GCC_WARN_ABOUT_RETURN_TYPE = YES_ERROR;
				GCC_WARN_UNDECLARED_SELECTOR = YES;
				GCC_WARN_UNINITIALIZED_AUTOS = YES_AGGRESSIVE;
				GCC_WARN_UNUSED_FUNCTION = YES;
				GCC_WARN_UNUSED_VARIABLE = YES;
				LOCALIZATION_PREFERS_STRING_CATALOGS = YES;
				MACOSX_DEPLOYMENT_TARGET = 14.3;
				MTL_ENABLE_DEBUG_INFO = INCLUDE_SOURCE;
				MTL_FAST_MATH = YES;
				ONLY_ACTIVE_ARCH = YES;
				SDKROOT = macosx;
			};
			name = Debug;
		};
		B99317242BFB79AB00F5E973 /* Release */ = {
			isa = XCBuildConfiguration;
			buildSettings = {
				ALWAYS_SEARCH_USER_PATHS = NO;
				ASSETCATALOG_COMPILER_GENERATE_SWIFT_ASSET_SYMBOL_EXTENSIONS = YES;
				CLANG_ANALYZER_NONNULL = YES;
				CLANG_ANALYZER_NUMBER_OBJECT_CONVERSION = YES_AGGRESSIVE;
				CLANG_CXX_LANGUAGE_STANDARD = "gnu++20";
				CLANG_ENABLE_MODULES = YES;
				CLANG_ENABLE_OBJC_ARC = YES;
				CLANG_ENABLE_OBJC_WEAK = YES;
				CLANG_WARN_BLOCK_CAPTURE_AUTORELEASING = YES;
				CLANG_WARN_BOOL_CONVERSION = YES;
				CLANG_WARN_COMMA = YES;
				CLANG_WARN_CONSTANT_CONVERSION = YES;
				CLANG_WARN_DEPRECATED_OBJC_IMPLEMENTATIONS = YES;
				CLANG_WARN_DIRECT_OBJC_ISA_USAGE = YES_ERROR;
				CLANG_WARN_DOCUMENTATION_COMMENTS = YES;
				CLANG_WARN_EMPTY_BODY = YES;
				CLANG_WARN_ENUM_CONVERSION = YES;
				CLANG_WARN_INFINITE_RECURSION = YES;
				CLANG_WARN_INT_CONVERSION = YES;
				CLANG_WARN_NON_LITERAL_NULL_CONVERSION = YES;
				CLANG_WARN_OBJC_IMPLICIT_RETAIN_SELF = YES;
				CLANG_WARN_OBJC_LITERAL_CONVERSION = YES;
				CLANG_WARN_OBJC_ROOT_CLASS = YES_ERROR;
				CLANG_WARN_QUOTED_INCLUDE_IN_FRAMEWORK_HEADER = YES;
				CLANG_WARN_RANGE_LOOP_ANALYSIS = YES;
				CLANG_WARN_STRICT_PROTOTYPES = YES;
				CLANG_WARN_SUSPICIOUS_MOVE = YES;
				CLANG_WARN_UNGUARDED_AVAILABILITY = YES_AGGRESSIVE;
				CLANG_WARN_UNREACHABLE_CODE = YES;
				CLANG_WARN__DUPLICATE_METHOD_MATCH = YES;
				COPY_PHASE_STRIP = NO;
				DEBUG_INFORMATION_FORMAT = "dwarf-with-dsym";
				ENABLE_NS_ASSERTIONS = NO;
				ENABLE_STRICT_OBJC_MSGSEND = YES;
				ENABLE_USER_SCRIPT_SANDBOXING = YES;
				GCC_C_LANGUAGE_STANDARD = gnu17;
				GCC_NO_COMMON_BLOCKS = YES;
				GCC_WARN_64_TO_32_BIT_CONVERSION = YES;
				GCC_WARN_ABOUT_RETURN_TYPE = YES_ERROR;
				GCC_WARN_UNDECLARED_SELECTOR = YES;
				GCC_WARN_UNINITIALIZED_AUTOS = YES_AGGRESSIVE;
				GCC_WARN_UNUSED_FUNCTION = YES;
				GCC_WARN_UNUSED_VARIABLE = YES;
				LOCALIZATION_PREFERS_STRING_CATALOGS = YES;
				MACOSX_DEPLOYMENT_TARGET = 14.3;
				MTL_ENABLE_DEBUG_INFO = NO;
				MTL_FAST_MATH = YES;
				SDKROOT = macosx;
			};
			name = Release;
		};
		B99317262BFB79AB00F5E973 /* Debug */ = {
			isa = XCBuildConfiguration;
			buildSettings = {
				CODE_SIGN_STYLE = Automatic;
				PRODUCT_NAME = "$(TARGET_NAME)";
			};
			name = Debug;
		};
		B99317272BFB79AB00F5E973 /* Release */ = {
			isa = XCBuildConfiguration;
			buildSettings = {
				CODE_SIGN_STYLE = Automatic;
				PRODUCT_NAME = "$(TARGET_NAME)";
			};
			name = Release;
		};
/* End XCBuildConfiguration section */

/* Begin XCConfigurationList section */
		B99317192BFB79AB00F5E973 /* Build configuration list for PBXProject "C++Week7PeerReview" */ = {
			isa = XCConfigurationList;
			buildConfigurations = (
				B99317232BFB79AB00F5E973 /* Debug */,
				B99317242BFB79AB00F5E973 /* Release */,
			);
			defaultConfigurationIsVisible = 0;
			defaultConfigurationName = Release;
		};
		B99317252BFB79AB00F5E973 /* Build configuration list for PBXNativeTarget "C++Week7PeerReview" */ = {
			isa = XCConfigurationList;
			buildConfigurations = (
				B99317262BFB79AB00F5E973 /* Debug */,
				B99317272BFB79AB00F5E973 /* Release */,
			);
			defaultConfigurationIsVisible = 0;
			defaultConfigurationName = Release;
		};
/* End XCConfigurationList section */
	};
	rootObject = B99317162BFB79AB00F5E973 /* Project object */;
}
